
Microsoft Visual Studio Solution File, Format Version 12.00
# Visual Studio Version 16
VisualStudioVersion = 16.0.30611.23
MinimumVisualStudioVersion = 10.0.40219.1
Project("{FAE04EC0-301F-11D3-BF4B-00C04F79EFBC}") = "WebcamApp", "WebcamApp.csproj", "{E3001BBB-58E6-45EC-A69B-5F03BC077EE6}"
EndProject
Global
	GlobalSection(SolutionConfigurationPlatforms) = preSolution
		Debug|Any CPU = Debug|Any CPU
		Release|Any CPU = Release|Any CPU
	EndGlobalSection
	GlobalSection(ProjectConfigurationPlatforms) = postSolution
		{E3001BBB-58E6-45EC-A69B-5F03BC077EE6}.Debug|Any CPU.ActiveCfg = Debug|Any CPU
		{E3001BBB-58E6-45EC-A69B-5F03BC077EE6}.Debug|Any CPU.Build.0 = Debug|Any CPU
		{E3001BBB-58E6-45EC-A69B-5F03BC077EE6}.Release|Any CPU.ActiveCfg = Release|Any CPU
		{E3001BBB-58E6-45EC-A69B-5F03BC077EE6}.Release|Any CPU.Build.0 = Release|Any CPU
	EndGlobalSection
	GlobalSection(SolutionProperties) = preSolution
		HideSolutionNode = FALSE
	EndGlobalSection
	GlobalSection(ExtensibilityGlobals) = postSolution
		SolutionGuid = {E51F3552-DEE0-45DC-AED3-40A2938F62F8}
	EndGlobalSection
EndGlobal
